
Microsoft Visual Studio Solution File, Format Version 12.00
# Visual Studio Version 16
VisualStudioVersion = 16.0.31205.134
MinimumVisualStudioVersion = 10.0.40219.1
Project("{FAE04EC0-301F-11D3-BF4B-00C04F79EFBC}") = "TimeTable_Management_System_ABC_Institute", "TimeTable_Management_System_ABC_Institute.csproj", "{6ADFC6AC-470A-4184-B5C8-EE952A400B23}"
EndProject
Global
	GlobalSection(SolutionConfigurationPlatforms) = preSolution
		Debug|Any CPU = Debug|Any CPU
		Release|Any CPU = Release|Any CPU
	EndGlobalSection
	GlobalSection(ProjectConfigurationPlatforms) = postSolution
		{6ADFC6AC-470A-4184-B5C8-EE952A400B23}.Debug|Any CPU.ActiveCfg = Debug|Any CPU
		{6ADFC6AC-470A-4184-B5C8-EE952A400B23}.Debug|Any CPU.Build.0 = Debug|Any CPU
		{6ADFC6AC-470A-4184-B5C8-EE952A400B23}.Release|Any CPU.ActiveCfg = Release|Any CPU
		{6ADFC6AC-470A-4184-B5C8-EE952A400B23}.Release|Any CPU.Build.0 = Release|Any CPU
	EndGlobalSection
	GlobalSection(SolutionProperties) = preSolution
		HideSolutionNode = FALSE
	EndGlobalSection
	GlobalSection(ExtensibilityGlobals) = postSolution
		SolutionGuid = {5FE95D4A-B996-49C0-8E19-0BCBD4520599}
	EndGlobalSection
EndGlobal
